<Solution>
  <Folder Name="/Solution Items/">
    <File Path=".gitignore" />
    <File Path="appveyor.yml" />
    <File Path="Directory.Build.props" />
    <File Path="NuGet.config" />
  </Folder>
  <Folder Name="/Tests/">
    <File Path="Tests/TestHelper.config" />
    <Project Path="Tests/CK.Setup.Dependency.Tests/CK.Setup.Dependency.Tests.csproj" />
  </Folder>
  <Project Path="CK.Setup.Dependency/CK.Setup.Dependency.csproj" />
</Solution>